
Microsoft Visual Studio Solution File, Format Version 12.00
# Visual Studio Version 17
VisualStudioVersion = 17.0.32112.339
MinimumVisualStudioVersion = 10.0.40219.1
Project("{FAE04EC0-301F-11D3-BF4B-00C04F79EFBC}") = "TaskManager", "TaskManager.csproj", "{3BBFF8BA-95AE-492D-A896-9BBEC9EA3027}"
EndProject
Global
	GlobalSection(SolutionConfigurationPlatforms) = preSolution
		Debug|Any CPU = Debug|Any CPU
		Release|Any CPU = Release|Any CPU
	EndGlobalSection
	GlobalSection(ProjectConfigurationPlatforms) = postSolution
		{3BBFF8BA-95AE-492D-A896-9BBEC9EA3027}.Debug|Any CPU.ActiveCfg = Debug|Any CPU
		{3BBFF8BA-95AE-492D-A896-9BBEC9EA3027}.Debug|Any CPU.Build.0 = Debug|Any CPU
		{3BBFF8BA-95AE-492D-A896-9BBEC9EA3027}.Release|Any CPU.ActiveCfg = Release|Any CPU
		{3BBFF8BA-95AE-492D-A896-9BBEC9EA3027}.Release|Any CPU.Build.0 = Release|Any CPU
	EndGlobalSection
	GlobalSection(SolutionProperties) = preSolution
		HideSolutionNode = FALSE
	EndGlobalSection
	GlobalSection(ExtensibilityGlobals) = postSolution
		SolutionGuid = {646397D4-0A86-47C7-B5E8-28F2BE9F471E}
	EndGlobalSection
EndGlobal
